
Microsoft Visual Studio Solution File, Format Version 12.00
# Visual Studio 15
VisualStudioVersion = 15.0.26730.3
MinimumVisualStudioVersion = 10.0.40219.1
Project("{FAE04EC0-301F-11D3-BF4B-00C04F79EFBC}") = "TactBac.Mobile", "TactBac.Mobile\TactBac.Mobile.csproj", "{1D032E37-CE4F-47C1-BD87-ABA8A035B6DE}"
EndProject
Project("{FAE04EC0-301F-11D3-BF4B-00C04F79EFBC}") = "TactBac.Mobile.Droid", "TactBac.Mobile.Droid\TactBac.Mobile.Droid.csproj", "{141DC01B-1AB4-4AC6-8CC0-0303D2B51284}"
EndProject
Project("{FAE04EC0-301F-11D3-BF4B-00C04F79EFBC}") = "TactBac.Mobile.iOS", "TactBac.Mobile.iOS\TactBac.Mobile.iOS.csproj", "{B27329C6-4B12-44C4-9255-EB970DABD2E2}"
EndProject
Project("{FAE04EC0-301F-11D3-BF4B-00C04F79EFBC}") = "TactBac.Processing.Function", "TactBac.Processing.Function\TactBac.Processing.Function.csproj", "{9FB4EA9A-B690-4777-8135-D48C152C6E2B}"
EndProject
Global
	GlobalSection(SolutionConfigurationPlatforms) = preSolution
		Ad-Hoc|Any CPU = Ad-Hoc|Any CPU
		Ad-Hoc|iPhone = Ad-Hoc|iPhone
		Ad-Hoc|iPhoneSimulator = Ad-Hoc|iPhoneSimulator
		AppStore|Any CPU = AppStore|Any CPU
		AppStore|iPhone = AppStore|iPhone
		AppStore|iPhoneSimulator = AppStore|iPhoneSimulator
		Debug|Any CPU = Debug|Any CPU
		Debug|iPhone = Debug|iPhone
		Debug|iPhoneSimulator = Debug|iPhoneSimulator
		Release|Any CPU = Release|Any CPU
		Release|iPhone = Release|iPhone
		Release|iPhoneSimulator = Release|iPhoneSimulator
	EndGlobalSection
	GlobalSection(ProjectConfigurationPlatforms) = postSolution
		{1D032E37-CE4F-47C1-BD87-ABA8A035B6DE}.Ad-Hoc|Any CPU.ActiveCfg = Release|Any CPU
		{1D032E37-CE4F-47C1-BD87-ABA8A035B6DE}.Ad-Hoc|Any CPU.Build.0 = Release|Any CPU
		{1D032E37-CE4F-47C1-BD87-ABA8A035B6DE}.Ad-Hoc|iPhone.ActiveCfg = Release|Any CPU
		{1D032E37-CE4F-47C1-BD87-ABA8A035B6DE}.Ad-Hoc|iPhone.Build.0 = Release|Any CPU
		{1D032E37-CE4F-47C1-BD87-ABA8A035B6DE}.Ad-Hoc|iPhoneSimulator.ActiveCfg = Release|Any CPU
		{1D032E37-CE4F-47C1-BD87-ABA8A035B6DE}.Ad-Hoc|iPhoneSimulator.Build.0 = Release|Any CPU
		{1D032E37-CE4F-47C1-BD87-ABA8A035B6DE}.AppStore|Any CPU.ActiveCfg = Release|Any CPU
		{1D032E37-CE4F-47C1-BD87-ABA8A035B6DE}.AppStore|Any CPU.Build.0 = Release|Any CPU
		{1D032E37-CE4F-47C1-BD87-ABA8A035B6DE}.AppStore|iPhone.ActiveCfg = Release|Any CPU
		{1D032E37-CE4F-47C1-BD87-ABA8A035B6DE}.AppStore|iPhone.Build.0 = Release|Any CPU
		{1D032E37-CE4F-47C1-BD87-ABA8A035B6DE}.AppStore|iPhoneSimulator.ActiveCfg = Release|Any CPU
		{1D032E37-CE4F-47C1-BD87-ABA8A035B6DE}.AppStore|iPhoneSimulator.Build.0 = Release|Any CPU
		{1D032E37-CE4F-47C1-BD87-ABA8A035B6DE}.Debug|Any CPU.ActiveCfg = Debug|Any CPU
		{1D032E37-CE4F-47C1-BD87-ABA8A035B6DE}.Debug|Any CPU.Build.0 = Debug|Any CPU
		{1D032E37-CE4F-47C1-BD87-ABA8A035B6DE}.Debug|iPhone.ActiveCfg = Debug|Any CPU
		{1D032E37-CE4F-47C1-BD87-ABA8A035B6DE}.Debug|iPhone.Build.0 = Debug|Any CPU
		{1D032E37-CE4F-47C1-BD87-ABA8A035B6DE}.Debug|iPhoneSimulator.ActiveCfg = Debug|Any CPU
		{1D032E37-CE4F-47C1-BD87-ABA8A035B6DE}.Debug|iPhoneSimulator.Build.0 = Debug|Any CPU
		{1D032E37-CE4F-47C1-BD87-ABA8A035B6DE}.Release|Any CPU.ActiveCfg = Release|Any CPU
		{1D032E37-CE4F-47C1-BD87-ABA8A035B6DE}.Release|Any CPU.Build.0 = Release|Any CPU
		{1D032E37-CE4F-47C1-BD87-ABA8A035B6DE}.Release|iPhone.ActiveCfg = Release|Any CPU
		{1D032E37-CE4F-47C1-BD87-ABA8A035B6DE}.Release|iPhone.Build.0 = Release|Any CPU
		{1D032E37-CE4F-47C1-BD87-ABA8A035B6DE}.Release|iPhoneSimulator.ActiveCfg = Release|Any CPU
		{1D032E37-CE4F-47C1-BD87-ABA8A035B6DE}.Release|iPhoneSimulator.Build.0 = Release|Any CPU
		{141DC01B-1AB4-4AC6-8CC0-0303D2B51284}.Ad-Hoc|Any CPU.ActiveCfg = Release|Any CPU
		{141DC01B-1AB4-4AC6-8CC0-0303D2B51284}.Ad-Hoc|Any CPU.Build.0 = Release|Any CPU
		{141DC01B-1AB4-4AC6-8CC0-0303D2B51284}.Ad-Hoc|Any CPU.Deploy.0 = Release|Any CPU
		{141DC01B-1AB4-4AC6-8CC0-0303D2B51284}.Ad-Hoc|iPhone.ActiveCfg = Release|Any CPU
		{141DC01B-1AB4-4AC6-8CC0-0303D2B51284}.Ad-Hoc|iPhone.Build.0 = Release|Any CPU
		{141DC01B-1AB4-4AC6-8CC0-0303D2B51284}.Ad-Hoc|iPhone.Deploy.0 = Release|Any CPU
		{141DC01B-1AB4-4AC6-8CC0-0303D2B51284}.Ad-Hoc|iPhoneSimulator.ActiveCfg = Release|Any CPU
		{141DC01B-1AB4-4AC6-8CC0-0303D2B51284}.Ad-Hoc|iPhoneSimulator.Build.0 = Release|Any CPU
		{141DC01B-1AB4-4AC6-8CC0-0303D2B51284}.Ad-Hoc|iPhoneSimulator.Deploy.0 = Release|Any CPU
		{141DC01B-1AB4-4AC6-8CC0-0303D2B51284}.AppStore|Any CPU.ActiveCfg = Release|Any CPU
		{141DC01B-1AB4-4AC6-8CC0-0303D2B51284}.AppStore|Any CPU.Build.0 = Release|Any CPU
		{141DC01B-1AB4-4AC6-8CC0-0303D2B51284}.AppStore|Any CPU.Deploy.0 = Release|Any CPU
		{141DC01B-1AB4-4AC6-8CC0-0303D2B51284}.AppStore|iPhone.ActiveCfg = Release|Any CPU
		{141DC01B-1AB4-4AC6-8CC0-0303D2B51284}.AppStore|iPhone.Build.0 = Release|Any CPU
		{141DC01B-1AB4-4AC6-8CC0-0303D2B51284}.AppStore|iPhone.Deploy.0 = Release|Any CPU
		{141DC01B-1AB4-4AC6-8CC0-0303D2B51284}.AppStore|iPhoneSimulator.ActiveCfg = Release|Any CPU
		{141DC01B-1AB4-4AC6-8CC0-0303D2B51284}.AppStore|iPhoneSimulator.Build.0 = Release|Any CPU
		{141DC01B-1AB4-4AC6-8CC0-0303D2B51284}.AppStore|iPhoneSimulator.Deploy.0 = Release|Any CPU
		{141DC01B-1AB4-4AC6-8CC0-0303D2B51284}.Debug|Any CPU.ActiveCfg = Debug|Any CPU
		{141DC01B-1AB4-4AC6-8CC0-0303D2B51284}.Debug|Any CPU.Build.0 = Debug|Any CPU
		{141DC01B-1AB4-4AC6-8CC0-0303D2B51284}.Debug|Any CPU.Deploy.0 = Debug|Any CPU
		{141DC01B-1AB4-4AC6-8CC0-0303D2B51284}.Debug|iPhone.ActiveCfg = Debug|Any CPU
		{141DC01B-1AB4-4AC6-8CC0-0303D2B51284}.Debug|iPhone.Build.0 = Debug|Any CPU
		{141DC01B-1AB4-4AC6-8CC0-0303D2B51284}.Debug|iPhone.Deploy.0 = Debug|Any CPU
		{141DC01B-1AB4-4AC6-8CC0-0303D2B51284}.Debug|iPhoneSimulator.ActiveCfg = Debug|Any CPU
		{141DC01B-1AB4-4AC6-8CC0-0303D2B51284}.Debug|iPhoneSimulator.Build.0 = Debug|Any CPU
		{141DC01B-1AB4-4AC6-8CC0-0303D2B51284}.Debug|iPhoneSimulator.Deploy.0 = Debug|Any CPU
		{141DC01B-1AB4-4AC6-8CC0-0303D2B51284}.Release|Any CPU.ActiveCfg = Release|Any CPU
		{141DC01B-1AB4-4AC6-8CC0-0303D2B51284}.Release|Any CPU.Build.0 = Release|Any CPU
		{141DC01B-1AB4-4AC6-8CC0-0303D2B51284}.Release|Any CPU.Deploy.0 = Release|Any CPU
		{141DC01B-1AB4-4AC6-8CC0-0303D2B51284}.Release|iPhone.ActiveCfg = Release|Any CPU
		{141DC01B-1AB4-4AC6-8CC0-0303D2B51284}.Release|iPhone.Build.0 = Release|Any CPU
		{141DC01B-1AB4-4AC6-8CC0-0303D2B51284}.Release|iPhone.Deploy.0 = Release|Any CPU
		{141DC01B-1AB4-4AC6-8CC0-0303D2B51284}.Release|iPhoneSimulator.ActiveCfg = Release|Any CPU
		{141DC01B-1AB4-4AC6-8CC0-0303D2B51284}.Release|iPhoneSimulator.Build.0 = Release|Any CPU
		{141DC01B-1AB4-4AC6-8CC0-0303D2B51284}.Release|iPhoneSimulator.Deploy.0 = Release|Any CPU
		{B27329C6-4B12-44C4-9255-EB970DABD2E2}.Ad-Hoc|Any CPU.ActiveCfg = Ad-Hoc|iPhone
		{B27329C6-4B12-44C4-9255-EB970DABD2E2}.Ad-Hoc|iPhone.ActiveCfg = Ad-Hoc|iPhone
		{B27329C6-4B12-44C4-9255-EB970DABD2E2}.Ad-Hoc|iPhone.Build.0 = Ad-Hoc|iPhone
		{B27329C6-4B12-44C4-9255-EB970DABD2E2}.Ad-Hoc|iPhoneSimulator.ActiveCfg = Ad-Hoc|iPhoneSimulator
		{B27329C6-4B12-44C4-9255-EB970DABD2E2}.Ad-Hoc|iPhoneSimulator.Build.0 = Ad-Hoc|iPhoneSimulator
		{B27329C6-4B12-44C4-9255-EB970DABD2E2}.AppStore|Any CPU.ActiveCfg = AppStore|iPhone
		{B27329C6-4B12-44C4-9255-EB970DABD2E2}.AppStore|iPhone.ActiveCfg = AppStore|iPhone
		{B27329C6-4B12-44C4-9255-EB970DABD2E2}.AppStore|iPhone.Build.0 = AppStore|iPhone
		{B27329C6-4B12-44C4-9255-EB970DABD2E2}.AppStore|iPhoneSimulator.ActiveCfg = AppStore|iPhoneSimulator
		{B27329C6-4B12-44C4-9255-EB970DABD2E2}.AppStore|iPhoneSimulator.Build.0 = AppStore|iPhoneSimulator
		{B27329C6-4B12-44C4-9255-EB970DABD2E2}.Debug|Any CPU.ActiveCfg = Debug|iPhone
		{B27329C6-4B12-44C4-9255-EB970DABD2E2}.Debug|iPhone.ActiveCfg = Debug|iPhone
		{B27329C6-4B12-44C4-9255-EB970DABD2E2}.Debug|iPhone.Build.0 = Debug|iPhone
		{B27329C6-4B12-44C4-9255-EB970DABD2E2}.Debug|iPhoneSimulator.ActiveCfg = Debug|iPhoneSimulator
		{B27329C6-4B12-44C4-9255-EB970DABD2E2}.Debug|iPhoneSimulator.Build.0 = Debug|iPhoneSimulator
		{B27329C6-4B12-44C4-9255-EB970DABD2E2}.Release|Any CPU.ActiveCfg = Release|iPhone
		{B27329C6-4B12-44C4-9255-EB970DABD2E2}.Release|iPhone.ActiveCfg = Release|iPhone
		{B27329C6-4B12-44C4-9255-EB970DABD2E2}.Release|iPhone.Build.0 = Release|iPhone
		{B27329C6-4B12-44C4-9255-EB970DABD2E2}.Release|iPhoneSimulator.ActiveCfg = Release|iPhoneSimulator
		{B27329C6-4B12-44C4-9255-EB970DABD2E2}.Release|iPhoneSimulator.Build.0 = Release|iPhoneSimulator
		{9FB4EA9A-B690-4777-8135-D48C152C6E2B}.Ad-Hoc|Any CPU.ActiveCfg = Debug|Any CPU
		{9FB4EA9A-B690-4777-8135-D48C152C6E2B}.Ad-Hoc|Any CPU.Build.0 = Debug|Any CPU
		{9FB4EA9A-B690-4777-8135-D48C152C6E2B}.Ad-Hoc|iPhone.ActiveCfg = Debug|Any CPU
		{9FB4EA9A-B690-4777-8135-D48C152C6E2B}.Ad-Hoc|iPhone.Build.0 = Debug|Any CPU
		{9FB4EA9A-B690-4777-8135-D48C152C6E2B}.Ad-Hoc|iPhoneSimulator.ActiveCfg = Debug|Any CPU
		{9FB4EA9A-B690-4777-8135-D48C152C6E2B}.Ad-Hoc|iPhoneSimulator.Build.0 = Debug|Any CPU
		{9FB4EA9A-B690-4777-8135-D48C152C6E2B}.AppStore|Any CPU.ActiveCfg = Debug|Any CPU
		{9FB4EA9A-B690-4777-8135-D48C152C6E2B}.AppStore|Any CPU.Build.0 = Debug|Any CPU
		{9FB4EA9A-B690-4777-8135-D48C152C6E2B}.AppStore|iPhone.ActiveCfg = Debug|Any CPU
		{9FB4EA9A-B690-4777-8135-D48C152C6E2B}.AppStore|iPhone.Build.0 = Debug|Any CPU
		{9FB4EA9A-B690-4777-8135-D48C152C6E2B}.AppStore|iPhoneSimulator.ActiveCfg = Debug|Any CPU
		{9FB4EA9A-B690-4777-8135-D48C152C6E2B}.AppStore|iPhoneSimulator.Build.0 = Debug|Any CPU
		{9FB4EA9A-B690-4777-8135-D48C152C6E2B}.Debug|Any CPU.ActiveCfg = Debug|Any CPU
		{9FB4EA9A-B690-4777-8135-D48C152C6E2B}.Debug|Any CPU.Build.0 = Debug|Any CPU
		{9FB4EA9A-B690-4777-8135-D48C152C6E2B}.Debug|iPhone.ActiveCfg = Debug|Any CPU
		{9FB4EA9A-B690-4777-8135-D48C152C6E2B}.Debug|iPhone.Build.0 = Debug|Any CPU
		{9FB4EA9A-B690-4777-8135-D48C152C6E2B}.Debug|iPhoneSimulator.ActiveCfg = Debug|Any CPU
		{9FB4EA9A-B690-4777-8135-D48C152C6E2B}.Debug|iPhoneSimulator.Build.0 = Debug|Any CPU
		{9FB4EA9A-B690-4777-8135-D48C152C6E2B}.Release|Any CPU.ActiveCfg = Release|Any CPU
		{9FB4EA9A-B690-4777-8135-D48C152C6E2B}.Release|Any CPU.Build.0 = Release|Any CPU
		{9FB4EA9A-B690-4777-8135-D48C152C6E2B}.Release|iPhone.ActiveCfg = Release|Any CPU
		{9FB4EA9A-B690-4777-8135-D48C152C6E2B}.Release|iPhone.Build.0 = Release|Any CPU
		{9FB4EA9A-B690-4777-8135-D48C152C6E2B}.Release|iPhoneSimulator.ActiveCfg = Release|Any CPU
		{9FB4EA9A-B690-4777-8135-D48C152C6E2B}.Release|iPhoneSimulator.Build.0 = Release|Any CPU
	EndGlobalSection
	GlobalSection(SolutionProperties) = preSolution
		HideSolutionNode = FALSE
	EndGlobalSection
	GlobalSection(ExtensibilityGlobals) = postSolution
		SolutionGuid = {9CAE4737-56C6-495B-B98F-B9176B682895}
	EndGlobalSection
EndGlobal
